{
    "version": 3,
    "terraform_version": "0.11.7",
    "serial": 2,
    "lineage": "2976a29f-9cf8-08e2-be21-8e045e555ff1",
    "modules": [
        {
            "path": [
                "root"
            ],
            "outputs": {
                "IP Adress": {
                    "sensitive": false,
                    "type": "string",
                    "value": "172.17.0.2"
                },
                "container_name": {
                    "sensitive": false,
                    "type": "string",
                    "value": "dev_blog"
                }
            },
            "resources": {},
            "depends_on": []
        },
        {
            "path": [
                "root",
                "container"
            ],
            "outputs": {
                "container_name": {
                    "sensitive": false,
                    "type": "string",
                    "value": "dev_blog"
                },
                "ip": {
                    "sensitive": false,
                    "type": "string",
                    "value": "172.17.0.2"
                }
            },
            "resources": {
                "docker_container.container_id": {
                    "type": "docker_container",
                    "depends_on": [],
                    "primary": {
                        "id": "d2fdd908cd5906740a3d9d67bbeb401be7a0c87e6fca0c0bf10378f31f2b98cd",
                        "attributes": {
                            "bridge": "",
                            "gateway": "172.17.0.1",
                            "id": "d2fdd908cd5906740a3d9d67bbeb401be7a0c87e6fca0c0bf10378f31f2b98cd",
                            "image": "sha256:492755c021bb2fdcd3600a40aa53c36d596a1894da705ca6d3e12b74b869f0f2",
                            "ip_address": "172.17.0.2",
                            "ip_prefix_length": "16",
                            "log_driver": "json-file",
                            "must_run": "true",
                            "name": "dev_blog",
                            "ports.#": "1",
                            "ports.1910880248.external": "8080",
                            "ports.1910880248.internal": "2368",
                            "ports.1910880248.ip": "",
                            "ports.1910880248.protocol": "tcp",
                            "restart": "no"
                        },
                        "meta": {},
                        "tainted": false
                    },
                    "deposed": [],
                    "provider": "provider.docker"
                }
            },
            "depends_on": []
        },
        {
            "path": [
                "root",
                "image"
            ],
            "outputs": {
                "image_out": {
                    "sensitive": false,
                    "type": "string",
                    "value": "sha256:492755c021bb2fdcd3600a40aa53c36d596a1894da705ca6d3e12b74b869f0f2"
                }
            },
            "resources": {
                "docker_image.image_id": {
                    "type": "docker_image",
                    "depends_on": [],
                    "primary": {
                        "id": "sha256:492755c021bb2fdcd3600a40aa53c36d596a1894da705ca6d3e12b74b869f0f2ghost:latest",
                        "attributes": {
                            "id": "sha256:492755c021bb2fdcd3600a40aa53c36d596a1894da705ca6d3e12b74b869f0f2ghost:latest",
                            "latest": "sha256:492755c021bb2fdcd3600a40aa53c36d596a1894da705ca6d3e12b74b869f0f2",
                            "name": "ghost:latest"
                        },
                        "meta": {},
                        "tainted": false
                    },
                    "deposed": [],
                    "provider": "provider.docker"
                }
            },
            "depends_on": []
        }
    ]
}
