{
    "version": 3,
    "terraform_version": "0.11.7",
    "serial": 3,
    "lineage": "657d0cf6-8318-2db8-50bd-ad515a93dd7b",
    "modules": [
        {
            "path": [
                "root"
            ],
            "outputs": {
                "IP Adress": {
                    "sensitive": false,
                    "type": "string",
                    "value": "172.17.0.3"
                },
                "container_name": {
                    "sensitive": false,
                    "type": "string",
                    "value": "prod_blod"
                }
            },
            "resources": {},
            "depends_on": []
        },
        {
            "path": [
                "root",
                "container"
            ],
            "outputs": {
                "container_name": {
                    "sensitive": false,
                    "type": "string",
                    "value": "prod_blod"
                },
                "ip": {
                    "sensitive": false,
                    "type": "string",
                    "value": "172.17.0.3"
                }
            },
            "resources": {
                "docker_container.container_id": {
                    "type": "docker_container",
                    "depends_on": [],
                    "primary": {
                        "id": "0872a7ea59f9c4ccb5c1ad32f505da41e6337b1b2ad1b3c98cb6a5bad69a54cb",
                        "attributes": {
                            "bridge": "",
                            "gateway": "172.17.0.1",
                            "id": "0872a7ea59f9c4ccb5c1ad32f505da41e6337b1b2ad1b3c98cb6a5bad69a54cb",
                            "image": "sha256:6512321f80b07a14d781cee7e2fb8d33f729781126c3cd2caa53fbc88a58c4c6",
                            "ip_address": "172.17.0.3",
                            "ip_prefix_length": "16",
                            "log_driver": "json-file",
                            "must_run": "true",
                            "name": "prod_blod",
                            "ports.#": "1",
                            "ports.2074585987.external": "80",
                            "ports.2074585987.internal": "2368",
                            "ports.2074585987.ip": "",
                            "ports.2074585987.protocol": "tcp",
                            "restart": "no"
                        },
                        "meta": {},
                        "tainted": false
                    },
                    "deposed": [],
                    "provider": "provider.docker"
                }
            },
            "depends_on": []
        },
        {
            "path": [
                "root",
                "image"
            ],
            "outputs": {
                "image_out": {
                    "sensitive": false,
                    "type": "string",
                    "value": "sha256:6512321f80b07a14d781cee7e2fb8d33f729781126c3cd2caa53fbc88a58c4c6"
                }
            },
            "resources": {
                "docker_image.image_id": {
                    "type": "docker_image",
                    "depends_on": [],
                    "primary": {
                        "id": "sha256:6512321f80b07a14d781cee7e2fb8d33f729781126c3cd2caa53fbc88a58c4c6ghost:alpine",
                        "attributes": {
                            "id": "sha256:6512321f80b07a14d781cee7e2fb8d33f729781126c3cd2caa53fbc88a58c4c6ghost:alpine",
                            "latest": "sha256:6512321f80b07a14d781cee7e2fb8d33f729781126c3cd2caa53fbc88a58c4c6",
                            "name": "ghost:alpine"
                        },
                        "meta": {},
                        "tainted": false
                    },
                    "deposed": [],
                    "provider": "provider.docker"
                }
            },
            "depends_on": []
        }
    ]
}
